// !$*UTF8*$!
{
	archiveVersion = 1;
	classes = {
	};
	objectVersion = 50;
	objects = {

/* Begin PBXBuildFile section */
		D83A7029248020AD001ED298 /* AppDelegate.swift in Sources */ = {isa = PBXBuildFile; fileRef = D83A7028248020AD001ED298 /* AppDelegate.swift */; };
		D83A702B248020AD001ED298 /* SceneDelegate.swift in Sources */ = {isa = PBXBuildFile; fileRef = D83A702A248020AD001ED298 /* SceneDelegate.swift */; };
		D83A7032248020AE001ED298 /* Assets.xcassets in Resources */ = {isa = PBXBuildFile; fileRef = D83A7031248020AE001ED298 /* Assets.xcassets */; };
		D83A7035248020AE001ED298 /* LaunchScreen.storyboard in Resources */ = {isa = PBXBuildFile; fileRef = D83A7033248020AE001ED298 /* LaunchScreen.storyboard */; };
		D83A7040248020AE001ED298 /* XCTestExtension.swift in Sources */ = {isa = PBXBuildFile; fileRef = D83A703F248020AE001ED298 /* XCTestExtension.swift */; };
		D83A7052248027C8001ED298 /* JSONPlaceholderAPI.swift in Sources */ = {isa = PBXBuildFile; fileRef = D83A7051248027C8001ED298 /* JSONPlaceholderAPI.swift */; };
		D83A705424802883001ED298 /* Constants.swift in Sources */ = {isa = PBXBuildFile; fileRef = D83A705324802883001ED298 /* Constants.swift */; };
		D83A705C24804DAE001ED298 /* HomePresenter.swift in Sources */ = {isa = PBXBuildFile; fileRef = D83A705624804DAE001ED298 /* HomePresenter.swift */; };
		D83A705D24804DAE001ED298 /* HomeWorker.swift in Sources */ = {isa = PBXBuildFile; fileRef = D83A705724804DAE001ED298 /* HomeWorker.swift */; };
		D83A705E24804DAE001ED298 /* HomeRouter.swift in Sources */ = {isa = PBXBuildFile; fileRef = D83A705824804DAE001ED298 /* HomeRouter.swift */; };
		D83A705F24804DAE001ED298 /* HomeModels.swift in Sources */ = {isa = PBXBuildFile; fileRef = D83A705924804DAE001ED298 /* HomeModels.swift */; };
		D83A706024804DAE001ED298 /* HomeViewController.swift in Sources */ = {isa = PBXBuildFile; fileRef = D83A705A24804DAE001ED298 /* HomeViewController.swift */; };
		D83A706124804DAE001ED298 /* HomeInteractor.swift in Sources */ = {isa = PBXBuildFile; fileRef = D83A705B24804DAE001ED298 /* HomeInteractor.swift */; };
		D83A706324804E47001ED298 /* Home.storyboard in Resources */ = {isa = PBXBuildFile; fileRef = D83A706224804E47001ED298 /* Home.storyboard */; };
		D83A706B24807BC5001ED298 /* SelectedUserPresenter.swift in Sources */ = {isa = PBXBuildFile; fileRef = D83A706524807BC5001ED298 /* SelectedUserPresenter.swift */; };
		D83A706C24807BC5001ED298 /* SelectedUserWorker.swift in Sources */ = {isa = PBXBuildFile; fileRef = D83A706624807BC5001ED298 /* SelectedUserWorker.swift */; };
		D83A706D24807BC5001ED298 /* SelectedUserRouter.swift in Sources */ = {isa = PBXBuildFile; fileRef = D83A706724807BC5001ED298 /* SelectedUserRouter.swift */; };
		D83A706E24807BC5001ED298 /* SelectedUserModels.swift in Sources */ = {isa = PBXBuildFile; fileRef = D83A706824807BC5001ED298 /* SelectedUserModels.swift */; };
		D83A706F24807BC5001ED298 /* SelectedUserViewController.swift in Sources */ = {isa = PBXBuildFile; fileRef = D83A706924807BC5001ED298 /* SelectedUserViewController.swift */; };
		D83A707024807BC5001ED298 /* SelectedUserInteractor.swift in Sources */ = {isa = PBXBuildFile; fileRef = D83A706A24807BC5001ED298 /* SelectedUserInteractor.swift */; };
		D83A707324807F48001ED298 /* Entities.swift in Sources */ = {isa = PBXBuildFile; fileRef = D83A707224807F48001ED298 /* Entities.swift */; };
		D83A707624808644001ED298 /* LocalizedErrorExtension.swift in Sources */ = {isa = PBXBuildFile; fileRef = D83A707524808643001ED298 /* LocalizedErrorExtension.swift */; };
		D83A70782480872B001ED298 /* StringExtension.swift in Sources */ = {isa = PBXBuildFile; fileRef = D83A70772480872B001ED298 /* StringExtension.swift */; };
		D83A707B24808819001ED298 /* Localizable.strings in Resources */ = {isa = PBXBuildFile; fileRef = D83A707A24808819001ED298 /* Localizable.strings */; };
		D83A707D248099FF001ED298 /* Utils.swift in Sources */ = {isa = PBXBuildFile; fileRef = D83A707C248099FF001ED298 /* Utils.swift */; };
		D864FE7A24814F090008E30E /* ErrorPopup.swift in Sources */ = {isa = PBXBuildFile; fileRef = D864FE7924814F090008E30E /* ErrorPopup.swift */; };
		D864FE7C248151D30008E30E /* SelectedUser.storyboard in Resources */ = {isa = PBXBuildFile; fileRef = D864FE7B248151D30008E30E /* SelectedUser.storyboard */; };
		D864FE922481736D0008E30E /* PostsCollectionViewCell.xib in Resources */ = {isa = PBXBuildFile; fileRef = D864FE902481736D0008E30E /* PostsCollectionViewCell.xib */; };
		D864FE932481736D0008E30E /* PostsCollectionViewCell.swift in Sources */ = {isa = PBXBuildFile; fileRef = D864FE912481736D0008E30E /* PostsCollectionViewCell.swift */; };
		D864FE952481C5CD0008E30E /* UIImageViewExtension.swift in Sources */ = {isa = PBXBuildFile; fileRef = D864FE942481C5CD0008E30E /* UIImageViewExtension.swift */; };
		D8B4EF012482A72F008E3C82 /* TodoListPresenter.swift in Sources */ = {isa = PBXBuildFile; fileRef = D8B4EEFB2482A72F008E3C82 /* TodoListPresenter.swift */; };
		D8B4EF022482A72F008E3C82 /* TodoListWorker.swift in Sources */ = {isa = PBXBuildFile; fileRef = D8B4EEFC2482A72F008E3C82 /* TodoListWorker.swift */; };
		D8B4EF032482A72F008E3C82 /* TodoListRouter.swift in Sources */ = {isa = PBXBuildFile; fileRef = D8B4EEFD2482A72F008E3C82 /* TodoListRouter.swift */; };
		D8B4EF042482A72F008E3C82 /* TodoListModels.swift in Sources */ = {isa = PBXBuildFile; fileRef = D8B4EEFE2482A72F008E3C82 /* TodoListModels.swift */; };
		D8B4EF052482A72F008E3C82 /* TodoListViewController.swift in Sources */ = {isa = PBXBuildFile; fileRef = D8B4EEFF2482A72F008E3C82 /* TodoListViewController.swift */; };
		D8B4EF062482A72F008E3C82 /* TodoListInteractor.swift in Sources */ = {isa = PBXBuildFile; fileRef = D8B4EF002482A72F008E3C82 /* TodoListInteractor.swift */; };
		D8B4EF082482A871008E3C82 /* TodoList.storyboard in Resources */ = {isa = PBXBuildFile; fileRef = D8B4EF072482A871008E3C82 /* TodoList.storyboard */; };
		D8B4EF0C2482B201008E3C82 /* TodoListTableViewCell.swift in Sources */ = {isa = PBXBuildFile; fileRef = D8B4EF0A2482B201008E3C82 /* TodoListTableViewCell.swift */; };
		D8B4EF0D2482B201008E3C82 /* TodoListTableViewCell.xib in Resources */ = {isa = PBXBuildFile; fileRef = D8B4EF0B2482B201008E3C82 /* TodoListTableViewCell.xib */; };
		D8B4EF0F24832CF0008E3C82 /* UILabelExtension.swift in Sources */ = {isa = PBXBuildFile; fileRef = D8B4EF0E24832CF0008E3C82 /* UILabelExtension.swift */; };
		D8B4EF1224832EA7008E3C82 /* UIButtonExtension.swift in Sources */ = {isa = PBXBuildFile; fileRef = D8B4EF1124832EA7008E3C82 /* UIButtonExtension.swift */; };
		D8B4EF19248341B7008E3C82 /* HomeViewControllerTests.swift in Sources */ = {isa = PBXBuildFile; fileRef = D8B4EF15248341B7008E3C82 /* HomeViewControllerTests.swift */; };
		D8B4EF1A248341B7008E3C82 /* HomeInteractorTests.swift in Sources */ = {isa = PBXBuildFile; fileRef = D8B4EF16248341B7008E3C82 /* HomeInteractorTests.swift */; };
		D8B4EF1B248341B7008E3C82 /* HomeWorkerTests.swift in Sources */ = {isa = PBXBuildFile; fileRef = D8B4EF17248341B7008E3C82 /* HomeWorkerTests.swift */; };
		D8B4EF1C248341B7008E3C82 /* HomePresenterTests.swift in Sources */ = {isa = PBXBuildFile; fileRef = D8B4EF18248341B7008E3C82 /* HomePresenterTests.swift */; };
/* End PBXBuildFile section */

/* Begin PBXContainerItemProxy section */
		D83A703C248020AE001ED298 /* PBXContainerItemProxy */ = {
			isa = PBXContainerItemProxy;
			containerPortal = D83A701D248020AD001ED298 /* Project object */;
			proxyType = 1;
			remoteGlobalIDString = D83A7024248020AD001ED298;
			remoteInfo = JsonPlaceholderAppSwift;
		};
/* End PBXContainerItemProxy section */

/* Begin PBXFileReference section */
		D83A7025248020AD001ED298 /* JsonPlaceholderAppSwift.app */ = {isa = PBXFileReference; explicitFileType = wrapper.application; includeInIndex = 0; path = JsonPlaceholderAppSwift.app; sourceTree = BUILT_PRODUCTS_DIR; };
		D83A7028248020AD001ED298 /* AppDelegate.swift */ = {isa = PBXFileReference; lastKnownFileType = sourcecode.swift; path = AppDelegate.swift; sourceTree = "<group>"; };
		D83A702A248020AD001ED298 /* SceneDelegate.swift */ = {isa = PBXFileReference; lastKnownFileType = sourcecode.swift; path = SceneDelegate.swift; sourceTree = "<group>"; };
		D83A7031248020AE001ED298 /* Assets.xcassets */ = {isa = PBXFileReference; lastKnownFileType = folder.assetcatalog; path = Assets.xcassets; sourceTree = "<group>"; };
		D83A7034248020AE001ED298 /* Base */ = {isa = PBXFileReference; lastKnownFileType = file.storyboard; name = Base; path = Base.lproj/LaunchScreen.storyboard; sourceTree = "<group>"; };
		D83A7036248020AE001ED298 /* Info.plist */ = {isa = PBXFileReference; lastKnownFileType = text.plist.xml; path = Info.plist; sourceTree = "<group>"; };
		D83A703B248020AE001ED298 /* JsonPlaceholderAppSwiftTests.xctest */ = {isa = PBXFileReference; explicitFileType = wrapper.cfbundle; includeInIndex = 0; path = JsonPlaceholderAppSwiftTests.xctest; sourceTree = BUILT_PRODUCTS_DIR; };
		D83A703F248020AE001ED298 /* XCTestExtension.swift */ = {isa = PBXFileReference; lastKnownFileType = sourcecode.swift; path = XCTestExtension.swift; sourceTree = "<group>"; };
		D83A7041248020AE001ED298 /* Info.plist */ = {isa = PBXFileReference; lastKnownFileType = text.plist.xml; path = Info.plist; sourceTree = "<group>"; };
		D83A7051248027C8001ED298 /* JSONPlaceholderAPI.swift */ = {isa = PBXFileReference; lastKnownFileType = sourcecode.swift; path = JSONPlaceholderAPI.swift; sourceTree = "<group>"; };
		D83A705324802883001ED298 /* Constants.swift */ = {isa = PBXFileReference; lastKnownFileType = sourcecode.swift; path = Constants.swift; sourceTree = "<group>"; };
		D83A705624804DAE001ED298 /* HomePresenter.swift */ = {isa = PBXFileReference; lastKnownFileType = sourcecode.swift; path = HomePresenter.swift; sourceTree = "<group>"; };
		D83A705724804DAE001ED298 /* HomeWorker.swift */ = {isa = PBXFileReference; lastKnownFileType = sourcecode.swift; path = HomeWorker.swift; sourceTree = "<group>"; };
		D83A705824804DAE001ED298 /* HomeRouter.swift */ = {isa = PBXFileReference; lastKnownFileType = sourcecode.swift; path = HomeRouter.swift; sourceTree = "<group>"; };
		D83A705924804DAE001ED298 /* HomeModels.swift */ = {isa = PBXFileReference; lastKnownFileType = sourcecode.swift; path = HomeModels.swift; sourceTree = "<group>"; };
		D83A705A24804DAE001ED298 /* HomeViewController.swift */ = {isa = PBXFileReference; lastKnownFileType = sourcecode.swift; path = HomeViewController.swift; sourceTree = "<group>"; };
		D83A705B24804DAE001ED298 /* HomeInteractor.swift */ = {isa = PBXFileReference; lastKnownFileType = sourcecode.swift; path = HomeInteractor.swift; sourceTree = "<group>"; };
		D83A706224804E47001ED298 /* Home.storyboard */ = {isa = PBXFileReference; lastKnownFileType = file.storyboard; path = Home.storyboard; sourceTree = "<group>"; };
		D83A706524807BC5001ED298 /* SelectedUserPresenter.swift */ = {isa = PBXFileReference; lastKnownFileType = sourcecode.swift; path = SelectedUserPresenter.swift; sourceTree = "<group>"; };
		D83A706624807BC5001ED298 /* SelectedUserWorker.swift */ = {isa = PBXFileReference; lastKnownFileType = sourcecode.swift; path = SelectedUserWorker.swift; sourceTree = "<group>"; };
		D83A706724807BC5001ED298 /* SelectedUserRouter.swift */ = {isa = PBXFileReference; lastKnownFileType = sourcecode.swift; path = SelectedUserRouter.swift; sourceTree = "<group>"; };
		D83A706824807BC5001ED298 /* SelectedUserModels.swift */ = {isa = PBXFileReference; lastKnownFileType = sourcecode.swift; path = SelectedUserModels.swift; sourceTree = "<group>"; };
		D83A706924807BC5001ED298 /* SelectedUserViewController.swift */ = {isa = PBXFileReference; lastKnownFileType = sourcecode.swift; path = SelectedUserViewController.swift; sourceTree = "<group>"; };
		D83A706A24807BC5001ED298 /* SelectedUserInteractor.swift */ = {isa = PBXFileReference; lastKnownFileType = sourcecode.swift; path = SelectedUserInteractor.swift; sourceTree = "<group>"; };
		D83A707224807F48001ED298 /* Entities.swift */ = {isa = PBXFileReference; lastKnownFileType = sourcecode.swift; path = Entities.swift; sourceTree = "<group>"; };
		D83A707524808643001ED298 /* LocalizedErrorExtension.swift */ = {isa = PBXFileReference; lastKnownFileType = sourcecode.swift; path = LocalizedErrorExtension.swift; sourceTree = "<group>"; };
		D83A70772480872B001ED298 /* StringExtension.swift */ = {isa = PBXFileReference; lastKnownFileType = sourcecode.swift; path = StringExtension.swift; sourceTree = "<group>"; };
		D83A707A24808819001ED298 /* Localizable.strings */ = {isa = PBXFileReference; lastKnownFileType = text.plist.strings; path = Localizable.strings; sourceTree = "<group>"; };
		D83A707C248099FF001ED298 /* Utils.swift */ = {isa = PBXFileReference; lastKnownFileType = sourcecode.swift; path = Utils.swift; sourceTree = "<group>"; };
		D864FE7924814F090008E30E /* ErrorPopup.swift */ = {isa = PBXFileReference; lastKnownFileType = sourcecode.swift; path = ErrorPopup.swift; sourceTree = "<group>"; };
		D864FE7B248151D30008E30E /* SelectedUser.storyboard */ = {isa = PBXFileReference; lastKnownFileType = file.storyboard; path = SelectedUser.storyboard; sourceTree = "<group>"; };
		D864FE902481736D0008E30E /* PostsCollectionViewCell.xib */ = {isa = PBXFileReference; fileEncoding = 4; lastKnownFileType = file.xib; path = PostsCollectionViewCell.xib; sourceTree = "<group>"; };
		D864FE912481736D0008E30E /* PostsCollectionViewCell.swift */ = {isa = PBXFileReference; fileEncoding = 4; lastKnownFileType = sourcecode.swift; path = PostsCollectionViewCell.swift; sourceTree = "<group>"; };
		D864FE942481C5CD0008E30E /* UIImageViewExtension.swift */ = {isa = PBXFileReference; lastKnownFileType = sourcecode.swift; path = UIImageViewExtension.swift; sourceTree = "<group>"; };
		D8B4EEFB2482A72F008E3C82 /* TodoListPresenter.swift */ = {isa = PBXFileReference; lastKnownFileType = sourcecode.swift; path = TodoListPresenter.swift; sourceTree = "<group>"; };
		D8B4EEFC2482A72F008E3C82 /* TodoListWorker.swift */ = {isa = PBXFileReference; lastKnownFileType = sourcecode.swift; path = TodoListWorker.swift; sourceTree = "<group>"; };
		D8B4EEFD2482A72F008E3C82 /* TodoListRouter.swift */ = {isa = PBXFileReference; lastKnownFileType = sourcecode.swift; path = TodoListRouter.swift; sourceTree = "<group>"; };
		D8B4EEFE2482A72F008E3C82 /* TodoListModels.swift */ = {isa = PBXFileReference; lastKnownFileType = sourcecode.swift; path = TodoListModels.swift; sourceTree = "<group>"; };
		D8B4EEFF2482A72F008E3C82 /* TodoListViewController.swift */ = {isa = PBXFileReference; lastKnownFileType = sourcecode.swift; path = TodoListViewController.swift; sourceTree = "<group>"; };
		D8B4EF002482A72F008E3C82 /* TodoListInteractor.swift */ = {isa = PBXFileReference; lastKnownFileType = sourcecode.swift; path = TodoListInteractor.swift; sourceTree = "<group>"; };
		D8B4EF072482A871008E3C82 /* TodoList.storyboard */ = {isa = PBXFileReference; lastKnownFileType = file.storyboard; path = TodoList.storyboard; sourceTree = "<group>"; };
		D8B4EF0A2482B201008E3C82 /* TodoListTableViewCell.swift */ = {isa = PBXFileReference; lastKnownFileType = sourcecode.swift; path = TodoListTableViewCell.swift; sourceTree = "<group>"; };
		D8B4EF0B2482B201008E3C82 /* TodoListTableViewCell.xib */ = {isa = PBXFileReference; lastKnownFileType = file.xib; path = TodoListTableViewCell.xib; sourceTree = "<group>"; };
		D8B4EF0E24832CF0008E3C82 /* UILabelExtension.swift */ = {isa = PBXFileReference; lastKnownFileType = sourcecode.swift; path = UILabelExtension.swift; sourceTree = "<group>"; };
		D8B4EF1124832EA7008E3C82 /* UIButtonExtension.swift */ = {isa = PBXFileReference; lastKnownFileType = sourcecode.swift; path = UIButtonExtension.swift; sourceTree = "<group>"; };
		D8B4EF15248341B7008E3C82 /* HomeViewControllerTests.swift */ = {isa = PBXFileReference; lastKnownFileType = sourcecode.swift; path = HomeViewControllerTests.swift; sourceTree = "<group>"; };
		D8B4EF16248341B7008E3C82 /* HomeInteractorTests.swift */ = {isa = PBXFileReference; lastKnownFileType = sourcecode.swift; path = HomeInteractorTests.swift; sourceTree = "<group>"; };
		D8B4EF17248341B7008E3C82 /* HomeWorkerTests.swift */ = {isa = PBXFileReference; lastKnownFileType = sourcecode.swift; path = HomeWorkerTests.swift; sourceTree = "<group>"; };
		D8B4EF18248341B7008E3C82 /* HomePresenterTests.swift */ = {isa = PBXFileReference; lastKnownFileType = sourcecode.swift; path = HomePresenterTests.swift; sourceTree = "<group>"; };
/* End PBXFileReference section */

/* Begin PBXFrameworksBuildPhase section */
		D83A7022248020AD001ED298 /* Frameworks */ = {
			isa = PBXFrameworksBuildPhase;
			buildActionMask = 2147483647;
			files = (
			);
			runOnlyForDeploymentPostprocessing = 0;
		};
		D83A7038248020AE001ED298 /* Frameworks */ = {
			isa = PBXFrameworksBuildPhase;
			buildActionMask = 2147483647;
			files = (
			);
			runOnlyForDeploymentPostprocessing = 0;
		};
/* End PBXFrameworksBuildPhase section */

/* Begin PBXGroup section */
		D83A701C248020AD001ED298 = {
			isa = PBXGroup;
			children = (
				D83A7027248020AD001ED298 /* Sources */,
				D83A703E248020AE001ED298 /* JsonPlaceholderAppSwiftTests */,
				D83A7026248020AD001ED298 /* Products */,
			);
			sourceTree = "<group>";
		};
		D83A7026248020AD001ED298 /* Products */ = {
			isa = PBXGroup;
			children = (
				D83A7025248020AD001ED298 /* JsonPlaceholderAppSwift.app */,
				D83A703B248020AE001ED298 /* JsonPlaceholderAppSwiftTests.xctest */,
			);
			name = Products;
			sourceTree = "<group>";
		};
		D83A7027248020AD001ED298 /* Sources */ = {
			isa = PBXGroup;
			children = (
				D83A704A24802208001ED298 /* Infraestructure */,
				D83A704B2480222F001ED298 /* Interface */,
			);
			path = Sources;
			sourceTree = "<group>";
		};
		D83A703E248020AE001ED298 /* JsonPlaceholderAppSwiftTests */ = {
			isa = PBXGroup;
			children = (
				D8B4EF132483418E008E3C82 /* Scenes */,
				D83A703F248020AE001ED298 /* XCTestExtension.swift */,
				D83A7041248020AE001ED298 /* Info.plist */,
			);
			path = JsonPlaceholderAppSwiftTests;
			sourceTree = "<group>";
		};
		D83A704A24802208001ED298 /* Infraestructure */ = {
			isa = PBXGroup;
			children = (
				D83A70742480862B001ED298 /* Extensions */,
				D83A7028248020AD001ED298 /* AppDelegate.swift */,
				D83A702A248020AD001ED298 /* SceneDelegate.swift */,
				D83A704C2480224C001ED298 /* Resources */,
				D83A704F24802357001ED298 /* Services */,
				D83A70502480236C001ED298 /* Utils */,
			);
			path = Infraestructure;
			sourceTree = "<group>";
		};
		D83A704B2480222F001ED298 /* Interface */ = {
			isa = PBXGroup;
			children = (
				D83A7036248020AE001ED298 /* Info.plist */,
				D83A7033248020AE001ED298 /* LaunchScreen.storyboard */,
				D83A704E2480227B001ED298 /* Scenes */,
			);
			path = Interface;
			sourceTree = "<group>";
		};
		D83A704C2480224C001ED298 /* Resources */ = {
			isa = PBXGroup;
			children = (
				D83A7079248087AD001ED298 /* Localizables */,
				D83A707124807EC1001ED298 /* Entities */,
				D83A704D24802257001ED298 /* Assets */,
			);
			path = Resources;
			sourceTree = "<group>";
		};
		D83A704D24802257001ED298 /* Assets */ = {
			isa = PBXGroup;
			children = (
				D83A7031248020AE001ED298 /* Assets.xcassets */,
			);
			path = Assets;
			sourceTree = "<group>";
		};
		D83A704E2480227B001ED298 /* Scenes */ = {
			isa = PBXGroup;
			children = (
				D83A705524804D81001ED298 /* Home */,
				D83A706424807BAC001ED298 /* SelectedUser */,
				D8B4EEFA2482A6FE008E3C82 /* TodoList */,
			);
			path = Scenes;
			sourceTree = "<group>";
		};
		D83A704F24802357001ED298 /* Services */ = {
			isa = PBXGroup;
			children = (
				D83A7051248027C8001ED298 /* JSONPlaceholderAPI.swift */,
			);
			path = Services;
			sourceTree = "<group>";
		};
		D83A70502480236C001ED298 /* Utils */ = {
			isa = PBXGroup;
			children = (
				D83A705324802883001ED298 /* Constants.swift */,
				D83A707C248099FF001ED298 /* Utils.swift */,
				D864FE7924814F090008E30E /* ErrorPopup.swift */,
			);
			path = Utils;
			sourceTree = "<group>";
		};
		D83A705524804D81001ED298 /* Home */ = {
			isa = PBXGroup;
			children = (
				D83A705624804DAE001ED298 /* HomePresenter.swift */,
				D83A705724804DAE001ED298 /* HomeWorker.swift */,
				D83A705824804DAE001ED298 /* HomeRouter.swift */,
				D83A705924804DAE001ED298 /* HomeModels.swift */,
				D83A705A24804DAE001ED298 /* HomeViewController.swift */,
				D83A705B24804DAE001ED298 /* HomeInteractor.swift */,
				D83A706224804E47001ED298 /* Home.storyboard */,
			);
			path = Home;
			sourceTree = "<group>";
		};
		D83A706424807BAC001ED298 /* SelectedUser */ = {
			isa = PBXGroup;
			children = (
				D864FE8D248173470008E30E /* cell view */,
				D83A706524807BC5001ED298 /* SelectedUserPresenter.swift */,
				D83A706624807BC5001ED298 /* SelectedUserWorker.swift */,
				D83A706724807BC5001ED298 /* SelectedUserRouter.swift */,
				D83A706824807BC5001ED298 /* SelectedUserModels.swift */,
				D83A706924807BC5001ED298 /* SelectedUserViewController.swift */,
				D83A706A24807BC5001ED298 /* SelectedUserInteractor.swift */,
				D864FE7B248151D30008E30E /* SelectedUser.storyboard */,
			);
			path = SelectedUser;
			sourceTree = "<group>";
		};
		D83A707124807EC1001ED298 /* Entities */ = {
			isa = PBXGroup;
			children = (
				D83A707224807F48001ED298 /* Entities.swift */,
			);
			path = Entities;
			sourceTree = "<group>";
		};
		D83A70742480862B001ED298 /* Extensions */ = {
			isa = PBXGroup;
			children = (
				D83A707524808643001ED298 /* LocalizedErrorExtension.swift */,
				D83A70772480872B001ED298 /* StringExtension.swift */,
				D864FE942481C5CD0008E30E /* UIImageViewExtension.swift */,
				D8B4EF0E24832CF0008E3C82 /* UILabelExtension.swift */,
				D8B4EF1124832EA7008E3C82 /* UIButtonExtension.swift */,
			);
			path = Extensions;
			sourceTree = "<group>";
		};
		D83A7079248087AD001ED298 /* Localizables */ = {
			isa = PBXGroup;
			children = (
				D83A707A24808819001ED298 /* Localizable.strings */,
			);
			path = Localizables;
			sourceTree = "<group>";
		};
		D864FE8D248173470008E30E /* cell view */ = {
			isa = PBXGroup;
			children = (
				D864FE912481736D0008E30E /* PostsCollectionViewCell.swift */,
				D864FE902481736D0008E30E /* PostsCollectionViewCell.xib */,
			);
			path = "cell view";
			sourceTree = "<group>";
		};
		D8B4EEFA2482A6FE008E3C82 /* TodoList */ = {
			isa = PBXGroup;
			children = (
				D8B4EF092482B1DB008E3C82 /* cell view */,
				D8B4EEFB2482A72F008E3C82 /* TodoListPresenter.swift */,
				D8B4EEFC2482A72F008E3C82 /* TodoListWorker.swift */,
				D8B4EEFD2482A72F008E3C82 /* TodoListRouter.swift */,
				D8B4EEFE2482A72F008E3C82 /* TodoListModels.swift */,
				D8B4EEFF2482A72F008E3C82 /* TodoListViewController.swift */,
				D8B4EF002482A72F008E3C82 /* TodoListInteractor.swift */,
				D8B4EF072482A871008E3C82 /* TodoList.storyboard */,
			);
			path = TodoList;
			sourceTree = "<group>";
		};
		D8B4EF092482B1DB008E3C82 /* cell view */ = {
			isa = PBXGroup;
			children = (
				D8B4EF0A2482B201008E3C82 /* TodoListTableViewCell.swift */,
				D8B4EF0B2482B201008E3C82 /* TodoListTableViewCell.xib */,
			);
			path = "cell view";
			sourceTree = "<group>";
		};
		D8B4EF132483418E008E3C82 /* Scenes */ = {
			isa = PBXGroup;
			children = (
				D8B4EF142483419D008E3C82 /* Home */,
			);
			path = Scenes;
			sourceTree = "<group>";
		};
		D8B4EF142483419D008E3C82 /* Home */ = {
			isa = PBXGroup;
			children = (
				D8B4EF15248341B7008E3C82 /* HomeViewControllerTests.swift */,
				D8B4EF16248341B7008E3C82 /* HomeInteractorTests.swift */,
				D8B4EF17248341B7008E3C82 /* HomeWorkerTests.swift */,
				D8B4EF18248341B7008E3C82 /* HomePresenterTests.swift */,
			);
			path = Home;
			sourceTree = "<group>";
		};
/* End PBXGroup section */

/* Begin PBXNativeTarget section */
		D83A7024248020AD001ED298 /* JsonPlaceholderAppSwift */ = {
			isa = PBXNativeTarget;
			buildConfigurationList = D83A7044248020AE001ED298 /* Build configuration list for PBXNativeTarget "JsonPlaceholderAppSwift" */;
			buildPhases = (
				D83A7021248020AD001ED298 /* Sources */,
				D83A7022248020AD001ED298 /* Frameworks */,
				D83A7023248020AD001ED298 /* Resources */,
			);
			buildRules = (
			);
			dependencies = (
			);
			name = JsonPlaceholderAppSwift;
			productName = JsonPlaceholderAppSwift;
			productReference = D83A7025248020AD001ED298 /* JsonPlaceholderAppSwift.app */;
			productType = "com.apple.product-type.application";
		};
		D83A703A248020AE001ED298 /* JsonPlaceholderAppSwiftTests */ = {
			isa = PBXNativeTarget;
			buildConfigurationList = D83A7047248020AE001ED298 /* Build configuration list for PBXNativeTarget "JsonPlaceholderAppSwiftTests" */;
			buildPhases = (
				D83A7037248020AE001ED298 /* Sources */,
				D83A7038248020AE001ED298 /* Frameworks */,
				D83A7039248020AE001ED298 /* Resources */,
			);
			buildRules = (
			);
			dependencies = (
				D83A703D248020AE001ED298 /* PBXTargetDependency */,
			);
			name = JsonPlaceholderAppSwiftTests;
			productName = JsonPlaceholderAppSwiftTests;
			productReference = D83A703B248020AE001ED298 /* JsonPlaceholderAppSwiftTests.xctest */;
			productType = "com.apple.product-type.bundle.unit-test";
		};
/* End PBXNativeTarget section */

/* Begin PBXProject section */
		D83A701D248020AD001ED298 /* Project object */ = {
			isa = PBXProject;
			attributes = {
				LastSwiftUpdateCheck = 1140;
				LastUpgradeCheck = 1140;
				ORGANIZATIONNAME = "Ana TP";
				TargetAttributes = {
					D83A7024248020AD001ED298 = {
						CreatedOnToolsVersion = 11.4.1;
					};
					D83A703A248020AE001ED298 = {
						CreatedOnToolsVersion = 11.4.1;
						TestTargetID = D83A7024248020AD001ED298;
					};
				};
			};
			buildConfigurationList = D83A7020248020AD001ED298 /* Build configuration list for PBXProject "JsonPlaceholderAppSwift" */;
			compatibilityVersion = "Xcode 9.3";
			developmentRegion = en;
			hasScannedForEncodings = 0;
			knownRegions = (
				en,
				Base,
			);
			mainGroup = D83A701C248020AD001ED298;
			productRefGroup = D83A7026248020AD001ED298 /* Products */;
			projectDirPath = "";
			projectRoot = "";
			targets = (
				D83A7024248020AD001ED298 /* JsonPlaceholderAppSwift */,
				D83A703A248020AE001ED298 /* JsonPlaceholderAppSwiftTests */,
			);
		};
/* End PBXProject section */

/* Begin PBXResourcesBuildPhase section */
		D83A7023248020AD001ED298 /* Resources */ = {
			isa = PBXResourcesBuildPhase;
			buildActionMask = 2147483647;
			files = (
				D83A706324804E47001ED298 /* Home.storyboard in Resources */,
				D83A707B24808819001ED298 /* Localizable.strings in Resources */,
				D83A7035248020AE001ED298 /* LaunchScreen.storyboard in Resources */,
				D864FE922481736D0008E30E /* PostsCollectionViewCell.xib in Resources */,
				D8B4EF082482A871008E3C82 /* TodoList.storyboard in Resources */,
				D83A7032248020AE001ED298 /* Assets.xcassets in Resources */,
				D864FE7C248151D30008E30E /* SelectedUser.storyboard in Resources */,
				D8B4EF0D2482B201008E3C82 /* TodoListTableViewCell.xib in Resources */,
			);
			runOnlyForDeploymentPostprocessing = 0;
		};
		D83A7039248020AE001ED298 /* Resources */ = {
			isa = PBXResourcesBuildPhase;
			buildActionMask = 2147483647;
			files = (
			);
			runOnlyForDeploymentPostprocessing = 0;
		};
/* End PBXResourcesBuildPhase section */

/* Begin PBXSourcesBuildPhase section */
		D83A7021248020AD001ED298 /* Sources */ = {
			isa = PBXSourcesBuildPhase;
			buildActionMask = 2147483647;
			files = (
				D864FE7A24814F090008E30E /* ErrorPopup.swift in Sources */,
				D83A705F24804DAE001ED298 /* HomeModels.swift in Sources */,
				D83A706C24807BC5001ED298 /* SelectedUserWorker.swift in Sources */,
				D83A705424802883001ED298 /* Constants.swift in Sources */,
				D83A707324807F48001ED298 /* Entities.swift in Sources */,
				D83A707624808644001ED298 /* LocalizedErrorExtension.swift in Sources */,
				D83A706E24807BC5001ED298 /* SelectedUserModels.swift in Sources */,
				D83A7029248020AD001ED298 /* AppDelegate.swift in Sources */,
				D8B4EF052482A72F008E3C82 /* TodoListViewController.swift in Sources */,
				D8B4EF1224832EA7008E3C82 /* UIButtonExtension.swift in Sources */,
				D8B4EF022482A72F008E3C82 /* TodoListWorker.swift in Sources */,
				D83A706124804DAE001ED298 /* HomeInteractor.swift in Sources */,
				D83A705E24804DAE001ED298 /* HomeRouter.swift in Sources */,
				D83A7052248027C8001ED298 /* JSONPlaceholderAPI.swift in Sources */,
				D83A706D24807BC5001ED298 /* SelectedUserRouter.swift in Sources */,
				D8B4EF012482A72F008E3C82 /* TodoListPresenter.swift in Sources */,
				D864FE932481736D0008E30E /* PostsCollectionViewCell.swift in Sources */,
				D83A706024804DAE001ED298 /* HomeViewController.swift in Sources */,
				D83A707024807BC5001ED298 /* SelectedUserInteractor.swift in Sources */,
				D83A705C24804DAE001ED298 /* HomePresenter.swift in Sources */,
				D83A705D24804DAE001ED298 /* HomeWorker.swift in Sources */,
				D864FE952481C5CD0008E30E /* UIImageViewExtension.swift in Sources */,
				D83A707D248099FF001ED298 /* Utils.swift in Sources */,
				D8B4EF042482A72F008E3C82 /* TodoListModels.swift in Sources */,
				D8B4EF0C2482B201008E3C82 /* TodoListTableViewCell.swift in Sources */,
				D8B4EF062482A72F008E3C82 /* TodoListInteractor.swift in Sources */,
				D83A702B248020AD001ED298 /* SceneDelegate.swift in Sources */,
				D8B4EF032482A72F008E3C82 /* TodoListRouter.swift in Sources */,
				D83A70782480872B001ED298 /* StringExtension.swift in Sources */,
				D8B4EF0F24832CF0008E3C82 /* UILabelExtension.swift in Sources */,
				D83A706B24807BC5001ED298 /* SelectedUserPresenter.swift in Sources */,
				D83A706F24807BC5001ED298 /* SelectedUserViewController.swift in Sources */,
			);
			runOnlyForDeploymentPostprocessing = 0;
		};
		D83A7037248020AE001ED298 /* Sources */ = {
			isa = PBXSourcesBuildPhase;
			buildActionMask = 2147483647;
			files = (
				D8B4EF1A248341B7008E3C82 /* HomeInteractorTests.swift in Sources */,
				D83A7040248020AE001ED298 /* XCTestExtension.swift in Sources */,
				D8B4EF1B248341B7008E3C82 /* HomeWorkerTests.swift in Sources */,
				D8B4EF1C248341B7008E3C82 /* HomePresenterTests.swift in Sources */,
				D8B4EF19248341B7008E3C82 /* HomeViewControllerTests.swift in Sources */,
			);
			runOnlyForDeploymentPostprocessing = 0;
		};
/* End PBXSourcesBuildPhase section */

/* Begin PBXTargetDependency section */
		D83A703D248020AE001ED298 /* PBXTargetDependency */ = {
			isa = PBXTargetDependency;
			target = D83A7024248020AD001ED298 /* JsonPlaceholderAppSwift */;
			targetProxy = D83A703C248020AE001ED298 /* PBXContainerItemProxy */;
		};
/* End PBXTargetDependency section */

/* Begin PBXVariantGroup section */
		D83A7033248020AE001ED298 /* LaunchScreen.storyboard */ = {
			isa = PBXVariantGroup;
			children = (
				D83A7034248020AE001ED298 /* Base */,
			);
			name = LaunchScreen.storyboard;
			sourceTree = "<group>";
		};
/* End PBXVariantGroup section */

/* Begin XCBuildConfiguration section */
		D83A7042248020AE001ED298 /* Debug */ = {
			isa = XCBuildConfiguration;
			buildSettings = {
				ALWAYS_SEARCH_USER_PATHS = NO;
				CLANG_ANALYZER_NONNULL = YES;
				CLANG_ANALYZER_NUMBER_OBJECT_CONVERSION = YES_AGGRESSIVE;
				CLANG_CXX_LANGUAGE_STANDARD = "gnu++14";
				CLANG_CXX_LIBRARY = "libc++";
				CLANG_ENABLE_MODULES = YES;
				CLANG_ENABLE_OBJC_ARC = YES;
				CLANG_ENABLE_OBJC_WEAK = YES;
				CLANG_WARN_BLOCK_CAPTURE_AUTORELEASING = YES;
				CLANG_WARN_BOOL_CONVERSION = YES;
				CLANG_WARN_COMMA = YES;
				CLANG_WARN_CONSTANT_CONVERSION = YES;
				CLANG_WARN_DEPRECATED_OBJC_IMPLEMENTATIONS = YES;
				CLANG_WARN_DIRECT_OBJC_ISA_USAGE = YES_ERROR;
				CLANG_WARN_DOCUMENTATION_COMMENTS = YES;
				CLANG_WARN_EMPTY_BODY = YES;
				CLANG_WARN_ENUM_CONVERSION = YES;
				CLANG_WARN_INFINITE_RECURSION = YES;
				CLANG_WARN_INT_CONVERSION = YES;
				CLANG_WARN_NON_LITERAL_NULL_CONVERSION = YES;
				CLANG_WARN_OBJC_IMPLICIT_RETAIN_SELF = YES;
				CLANG_WARN_OBJC_LITERAL_CONVERSION = YES;
				CLANG_WARN_OBJC_ROOT_CLASS = YES_ERROR;
				CLANG_WARN_RANGE_LOOP_ANALYSIS = YES;
				CLANG_WARN_STRICT_PROTOTYPES = YES;
				CLANG_WARN_SUSPICIOUS_MOVE = YES;
				CLANG_WARN_UNGUARDED_AVAILABILITY = YES_AGGRESSIVE;
				CLANG_WARN_UNREACHABLE_CODE = YES;
				CLANG_WARN__DUPLICATE_METHOD_MATCH = YES;
				COPY_PHASE_STRIP = NO;
				DEBUG_INFORMATION_FORMAT = dwarf;
				ENABLE_STRICT_OBJC_MSGSEND = YES;
				ENABLE_TESTABILITY = YES;
				GCC_C_LANGUAGE_STANDARD = gnu11;
				GCC_DYNAMIC_NO_PIC = NO;
				GCC_NO_COMMON_BLOCKS = YES;
				GCC_OPTIMIZATION_LEVEL = 0;
				GCC_PREPROCESSOR_DEFINITIONS = (
					"DEBUG=1",
					"$(inherited)",
				);
				GCC_WARN_64_TO_32_BIT_CONVERSION = YES;
				GCC_WARN_ABOUT_RETURN_TYPE = YES_ERROR;
				GCC_WARN_UNDECLARED_SELECTOR = YES;
				GCC_WARN_UNINITIALIZED_AUTOS = YES_AGGRESSIVE;
				GCC_WARN_UNUSED_FUNCTION = YES;
				GCC_WARN_UNUSED_VARIABLE = YES;
				IPHONEOS_DEPLOYMENT_TARGET = 13.4;
				MTL_ENABLE_DEBUG_INFO = INCLUDE_SOURCE;
				MTL_FAST_MATH = YES;
				ONLY_ACTIVE_ARCH = YES;
				SDKROOT = iphoneos;
				SWIFT_ACTIVE_COMPILATION_CONDITIONS = DEBUG;
				SWIFT_OPTIMIZATION_LEVEL = "-Onone";
			};
			name = Debug;
		};
		D83A7043248020AE001ED298 /* Release */ = {
			isa = XCBuildConfiguration;
			buildSettings = {
				ALWAYS_SEARCH_USER_PATHS = NO;
				CLANG_ANALYZER_NONNULL = YES;
				CLANG_ANALYZER_NUMBER_OBJECT_CONVERSION = YES_AGGRESSIVE;
				CLANG_CXX_LANGUAGE_STANDARD = "gnu++14";
				CLANG_CXX_LIBRARY = "libc++";
				CLANG_ENABLE_MODULES = YES;
				CLANG_ENABLE_OBJC_ARC = YES;
				CLANG_ENABLE_OBJC_WEAK = YES;
				CLANG_WARN_BLOCK_CAPTURE_AUTORELEASING = YES;
				CLANG_WARN_BOOL_CONVERSION = YES;
				CLANG_WARN_COMMA = YES;
				CLANG_WARN_CONSTANT_CONVERSION = YES;
				CLANG_WARN_DEPRECATED_OBJC_IMPLEMENTATIONS = YES;
				CLANG_WARN_DIRECT_OBJC_ISA_USAGE = YES_ERROR;
				CLANG_WARN_DOCUMENTATION_COMMENTS = YES;
				CLANG_WARN_EMPTY_BODY = YES;
				CLANG_WARN_ENUM_CONVERSION = YES;
				CLANG_WARN_INFINITE_RECURSION = YES;
				CLANG_WARN_INT_CONVERSION = YES;
				CLANG_WARN_NON_LITERAL_NULL_CONVERSION = YES;
				CLANG_WARN_OBJC_IMPLICIT_RETAIN_SELF = YES;
				CLANG_WARN_OBJC_LITERAL_CONVERSION = YES;
				CLANG_WARN_OBJC_ROOT_CLASS = YES_ERROR;
				CLANG_WARN_RANGE_LOOP_ANALYSIS = YES;
				CLANG_WARN_STRICT_PROTOTYPES = YES;
				CLANG_WARN_SUSPICIOUS_MOVE = YES;
				CLANG_WARN_UNGUARDED_AVAILABILITY = YES_AGGRESSIVE;
				CLANG_WARN_UNREACHABLE_CODE = YES;
				CLANG_WARN__DUPLICATE_METHOD_MATCH = YES;
				COPY_PHASE_STRIP = NO;
				DEBUG_INFORMATION_FORMAT = "dwarf-with-dsym";
				ENABLE_NS_ASSERTIONS = NO;
				ENABLE_STRICT_OBJC_MSGSEND = YES;
				GCC_C_LANGUAGE_STANDARD = gnu11;
				GCC_NO_COMMON_BLOCKS = YES;
				GCC_WARN_64_TO_32_BIT_CONVERSION = YES;
				GCC_WARN_ABOUT_RETURN_TYPE = YES_ERROR;
				GCC_WARN_UNDECLARED_SELECTOR = YES;
				GCC_WARN_UNINITIALIZED_AUTOS = YES_AGGRESSIVE;
				GCC_WARN_UNUSED_FUNCTION = YES;
				GCC_WARN_UNUSED_VARIABLE = YES;
				IPHONEOS_DEPLOYMENT_TARGET = 13.4;
				MTL_ENABLE_DEBUG_INFO = NO;
				MTL_FAST_MATH = YES;
				SDKROOT = iphoneos;
				SWIFT_COMPILATION_MODE = wholemodule;
				SWIFT_OPTIMIZATION_LEVEL = "-O";
				VALIDATE_PRODUCT = YES;
			};
			name = Release;
		};
		D83A7045248020AE001ED298 /* Debug */ = {
			isa = XCBuildConfiguration;
			buildSettings = {
				ASSETCATALOG_COMPILER_APPICON_NAME = AppIcon;
				CODE_SIGN_STYLE = Automatic;
				INFOPLIST_FILE = "$(SRCROOT)/Sources/Interface/Info.plist";
				LD_RUNPATH_SEARCH_PATHS = (
					"$(inherited)",
					"@executable_path/Frameworks",
				);
				PRODUCT_BUNDLE_IDENTIFIER = com.anatp.JsonPlaceholderAppSwift;
				PRODUCT_NAME = "$(TARGET_NAME)";
				SWIFT_VERSION = 5.0;
				TARGETED_DEVICE_FAMILY = 1;
			};
			name = Debug;
		};
		D83A7046248020AE001ED298 /* Release */ = {
			isa = XCBuildConfiguration;
			buildSettings = {
				ASSETCATALOG_COMPILER_APPICON_NAME = AppIcon;
				CODE_SIGN_STYLE = Automatic;
				INFOPLIST_FILE = "$(SRCROOT)/Sources/Interface/Info.plist";
				LD_RUNPATH_SEARCH_PATHS = (
					"$(inherited)",
					"@executable_path/Frameworks",
				);
				PRODUCT_BUNDLE_IDENTIFIER = com.anatp.JsonPlaceholderAppSwift;
				PRODUCT_NAME = "$(TARGET_NAME)";
				SWIFT_VERSION = 5.0;
				TARGETED_DEVICE_FAMILY = 1;
			};
			name = Release;
		};
		D83A7048248020AE001ED298 /* Debug */ = {
			isa = XCBuildConfiguration;
			buildSettings = {
				ALWAYS_EMBED_SWIFT_STANDARD_LIBRARIES = YES;
				BUNDLE_LOADER = "$(TEST_HOST)";
				CODE_SIGN_STYLE = Automatic;
				INFOPLIST_FILE = JsonPlaceholderAppSwiftTests/Info.plist;
				IPHONEOS_DEPLOYMENT_TARGET = 13.4;
				LD_RUNPATH_SEARCH_PATHS = (
					"$(inherited)",
					"@executable_path/Frameworks",
					"@loader_path/Frameworks",
				);
				PRODUCT_BUNDLE_IDENTIFIER = com.anatp.JsonPlaceholderAppSwiftTests;
				PRODUCT_NAME = "$(TARGET_NAME)";
				SWIFT_VERSION = 5.0;
				TARGETED_DEVICE_FAMILY = "1,2";
				TEST_HOST = "$(BUILT_PRODUCTS_DIR)/JsonPlaceholderAppSwift.app/JsonPlaceholderAppSwift";
			};
			name = Debug;
		};
		D83A7049248020AE001ED298 /* Release */ = {
			isa = XCBuildConfiguration;
			buildSettings = {
				ALWAYS_EMBED_SWIFT_STANDARD_LIBRARIES = YES;
				BUNDLE_LOADER = "$(TEST_HOST)";
				CODE_SIGN_STYLE = Automatic;
				INFOPLIST_FILE = JsonPlaceholderAppSwiftTests/Info.plist;
				IPHONEOS_DEPLOYMENT_TARGET = 13.4;
				LD_RUNPATH_SEARCH_PATHS = (
					"$(inherited)",
					"@executable_path/Frameworks",
					"@loader_path/Frameworks",
				);
				PRODUCT_BUNDLE_IDENTIFIER = com.anatp.JsonPlaceholderAppSwiftTests;
				PRODUCT_NAME = "$(TARGET_NAME)";
				SWIFT_VERSION = 5.0;
				TARGETED_DEVICE_FAMILY = "1,2";
				TEST_HOST = "$(BUILT_PRODUCTS_DIR)/JsonPlaceholderAppSwift.app/JsonPlaceholderAppSwift";
			};
			name = Release;
		};
/* End XCBuildConfiguration section */

/* Begin XCConfigurationList section */
		D83A7020248020AD001ED298 /* Build configuration list for PBXProject "JsonPlaceholderAppSwift" */ = {
			isa = XCConfigurationList;
			buildConfigurations = (
				D83A7042248020AE001ED298 /* Debug */,
				D83A7043248020AE001ED298 /* Release */,
			);
			defaultConfigurationIsVisible = 0;
			defaultConfigurationName = Release;
		};
		D83A7044248020AE001ED298 /* Build configuration list for PBXNativeTarget "JsonPlaceholderAppSwift" */ = {
			isa = XCConfigurationList;
			buildConfigurations = (
				D83A7045248020AE001ED298 /* Debug */,
				D83A7046248020AE001ED298 /* Release */,
			);
			defaultConfigurationIsVisible = 0;
			defaultConfigurationName = Release;
		};
		D83A7047248020AE001ED298 /* Build configuration list for PBXNativeTarget "JsonPlaceholderAppSwiftTests" */ = {
			isa = XCConfigurationList;
			buildConfigurations = (
				D83A7048248020AE001ED298 /* Debug */,
				D83A7049248020AE001ED298 /* Release */,
			);
			defaultConfigurationIsVisible = 0;
			defaultConfigurationName = Release;
		};
/* End XCConfigurationList section */
	};
	rootObject = D83A701D248020AD001ED298 /* Project object */;
}
